
Microsoft Visual Studio Solution File, Format Version 12.00
# Visual Studio Version 16
VisualStudioVersion = 16.0.30011.22
MinimumVisualStudioVersion = 10.0.40219.1
Project("{FAE04EC0-301F-11D3-BF4B-00C04F79EFBC}") = "LAS.Connector", "las_connector\LAS.Connector.csproj", "{56219052-D44E-47F0-96B9-C83671623B85}"
EndProject
Project("{9A19103F-16F7-4668-BE54-9A1E7A4F7556}") = "LSP.Common", "..\LSP.Common\LSP.Common.csproj", "{B83D428B-B7EA-46BA-BD3E-E2CAA3F9DC03}"
EndProject
Project("{54435603-DBB4-11D2-8724-00A0C9A8B90C}") = "LAS.Connector-1.0.0.msi", "LAS.Connector-1.0.0.msi\LAS.Connector-1.0.0.msi.vdproj", "{8845B640-B4FB-478B-8998-6B72F3074874}"
EndProject
Global
	GlobalSection(SolutionConfigurationPlatforms) = preSolution
		Debug|Any CPU = Debug|Any CPU
		Release|Any CPU = Release|Any CPU
	EndGlobalSection
	GlobalSection(ProjectConfigurationPlatforms) = postSolution
		{56219052-D44E-47F0-96B9-C83671623B85}.Debug|Any CPU.ActiveCfg = Debug|Any CPU
		{56219052-D44E-47F0-96B9-C83671623B85}.Debug|Any CPU.Build.0 = Debug|Any CPU
		{56219052-D44E-47F0-96B9-C83671623B85}.Debug|Any CPU.Deploy.0 = Debug|Any CPU
		{56219052-D44E-47F0-96B9-C83671623B85}.Release|Any CPU.ActiveCfg = Release|Any CPU
		{56219052-D44E-47F0-96B9-C83671623B85}.Release|Any CPU.Build.0 = Release|Any CPU
		{B83D428B-B7EA-46BA-BD3E-E2CAA3F9DC03}.Debug|Any CPU.ActiveCfg = Debug|Any CPU
		{B83D428B-B7EA-46BA-BD3E-E2CAA3F9DC03}.Debug|Any CPU.Build.0 = Debug|Any CPU
		{B83D428B-B7EA-46BA-BD3E-E2CAA3F9DC03}.Release|Any CPU.ActiveCfg = Release|Any CPU
		{B83D428B-B7EA-46BA-BD3E-E2CAA3F9DC03}.Release|Any CPU.Build.0 = Release|Any CPU
		{8845B640-B4FB-478B-8998-6B72F3074874}.Debug|Any CPU.ActiveCfg = Debug
		{8845B640-B4FB-478B-8998-6B72F3074874}.Release|Any CPU.ActiveCfg = Release
	EndGlobalSection
	GlobalSection(SolutionProperties) = preSolution
		HideSolutionNode = FALSE
	EndGlobalSection
	GlobalSection(ExtensibilityGlobals) = postSolution
		SolutionGuid = {1F130977-C396-4827-A524-F03697337AB2}
		VisualSVNWorkingCopyRoot = .
	EndGlobalSection
	GlobalSection(SubversionScc) = preSolution
		Svn-Managed = True
		Manager = AnkhSVN - Subversion Support for Visual Studio
	EndGlobalSection
EndGlobal
