
Microsoft Visual Studio Solution File, Format Version 12.00
# Visual Studio Version 16
VisualStudioVersion = 16.0.30011.22
MinimumVisualStudioVersion = 10.0.40219.1
Project("{FAE04EC0-301F-11D3-BF4B-00C04F79EFBC}") = "SDMS.Connector", "sdms_connector\SDMS.Connector.csproj", "{6517C28A-DE05-40A7-860C-39EAA5B51D31}"
EndProject
Project("{54435603-DBB4-11D2-8724-00A0C9A8B90C}") = "SDMS.Connector-1.0.0.msi", "Setup1\Setup1.vdproj", "{88A2C0AC-138F-4817-BF35-33209D26EC6B}"
EndProject
Project("{9A19103F-16F7-4668-BE54-9A1E7A4F7556}") = "LSP.Common", "..\LSP.Common\LSP.Common.csproj", "{8F28C60E-B52C-479A-9229-B886707BD0EA}"
EndProject
Global
	GlobalSection(SolutionConfigurationPlatforms) = preSolution
		Debug|Any CPU = Debug|Any CPU
		Release|Any CPU = Release|Any CPU
	EndGlobalSection
	GlobalSection(ProjectConfigurationPlatforms) = postSolution
		{6517C28A-DE05-40A7-860C-39EAA5B51D31}.Debug|Any CPU.ActiveCfg = Debug|Any CPU
		{6517C28A-DE05-40A7-860C-39EAA5B51D31}.Debug|Any CPU.Build.0 = Debug|Any CPU
		{6517C28A-DE05-40A7-860C-39EAA5B51D31}.Debug|Any CPU.Deploy.0 = Debug|Any CPU
		{6517C28A-DE05-40A7-860C-39EAA5B51D31}.Release|Any CPU.ActiveCfg = Release|Any CPU
		{6517C28A-DE05-40A7-860C-39EAA5B51D31}.Release|Any CPU.Build.0 = Release|Any CPU
		{88A2C0AC-138F-4817-BF35-33209D26EC6B}.Debug|Any CPU.ActiveCfg = Debug
		{88A2C0AC-138F-4817-BF35-33209D26EC6B}.Release|Any CPU.ActiveCfg = Release
		{8F28C60E-B52C-479A-9229-B886707BD0EA}.Debug|Any CPU.ActiveCfg = Debug|Any CPU
		{8F28C60E-B52C-479A-9229-B886707BD0EA}.Debug|Any CPU.Build.0 = Debug|Any CPU
		{8F28C60E-B52C-479A-9229-B886707BD0EA}.Release|Any CPU.ActiveCfg = Release|Any CPU
		{8F28C60E-B52C-479A-9229-B886707BD0EA}.Release|Any CPU.Build.0 = Release|Any CPU
	EndGlobalSection
	GlobalSection(SolutionProperties) = preSolution
		HideSolutionNode = FALSE
	EndGlobalSection
	GlobalSection(ExtensibilityGlobals) = postSolution
		VisualSVNWorkingCopyRoot = .
		SolutionGuid = {1F130977-C396-4827-A524-F03697337AB2}
	EndGlobalSection
	GlobalSection(SubversionScc) = preSolution
		Svn-Managed = True
		Manager = AnkhSVN - Subversion Support for Visual Studio
	EndGlobalSection
EndGlobal
